
Microsoft Visual Studio Solution File, Format Version 12.00
# Visual Studio Version 16
VisualStudioVersion = 16.0.32126.315
MinimumVisualStudioVersion = 10.0.40219.1
Project("{FAE04EC0-301F-11D3-BF4B-00C04F79EFBC}") = "ExempleDelegues", "ExempleDelegues\ExempleDelegues.csproj", "{DAC968A2-DAD7-4BB1-82F7-109906A45BDE}"
EndProject
Global
	GlobalSection(SolutionConfigurationPlatforms) = preSolution
		Debug|Any CPU = Debug|Any CPU
		Release|Any CPU = Release|Any CPU
	EndGlobalSection
	GlobalSection(ProjectConfigurationPlatforms) = postSolution
		{DAC968A2-DAD7-4BB1-82F7-109906A45BDE}.Debug|Any CPU.ActiveCfg = Debug|Any CPU
		{DAC968A2-DAD7-4BB1-82F7-109906A45BDE}.Debug|Any CPU.Build.0 = Debug|Any CPU
		{DAC968A2-DAD7-4BB1-82F7-109906A45BDE}.Release|Any CPU.ActiveCfg = Release|Any CPU
		{DAC968A2-DAD7-4BB1-82F7-109906A45BDE}.Release|Any CPU.Build.0 = Release|Any CPU
	EndGlobalSection
	GlobalSection(SolutionProperties) = preSolution
		HideSolutionNode = FALSE
	EndGlobalSection
	GlobalSection(ExtensibilityGlobals) = postSolution
		SolutionGuid = {9BC70C61-F3ED-4132-BEE2-F5F4FEB79FF5}
	EndGlobalSection
EndGlobal
